
Microsoft Visual Studio Solution File, Format Version 12.00
# Visual Studio Version 17
VisualStudioVersion = 17.8.34408.163
MinimumVisualStudioVersion = 10.0.40219.1
Project("{FAE04EC0-301F-11D3-BF4B-00C04F79EFBC}") = "Prueba1", "Prueba1\Prueba1.csproj", "{05DFACE7-4DDB-4C25-8C65-042B720E6A74}"
EndProject
Global
	GlobalSection(SolutionConfigurationPlatforms) = preSolution
		Debug|Any CPU = Debug|Any CPU
		Release|Any CPU = Release|Any CPU
	EndGlobalSection
	GlobalSection(ProjectConfigurationPlatforms) = postSolution
		{05DFACE7-4DDB-4C25-8C65-042B720E6A74}.Debug|Any CPU.ActiveCfg = Debug|Any CPU
		{05DFACE7-4DDB-4C25-8C65-042B720E6A74}.Debug|Any CPU.Build.0 = Debug|Any CPU
		{05DFACE7-4DDB-4C25-8C65-042B720E6A74}.Release|Any CPU.ActiveCfg = Release|Any CPU
		{05DFACE7-4DDB-4C25-8C65-042B720E6A74}.Release|Any CPU.Build.0 = Release|Any CPU
	EndGlobalSection
	GlobalSection(SolutionProperties) = preSolution
		HideSolutionNode = FALSE
	EndGlobalSection
	GlobalSection(ExtensibilityGlobals) = postSolution
		SolutionGuid = {79DD3391-9A73-484F-9EA6-5BC8C1F3DF7F}
	EndGlobalSection
EndGlobal
